# Generated by pub
# See https://dart.dev/tools/pub/glossary#lockfile
packages:
  antlr4:
    dependency: "direct main"
    description:
      name: antlr4
      sha256: "752b4a6e4ad97953652a2b2bbf5377f46c94b579d3372b50080c7e5858234a05"
      url: "https://pub.dev"
    source: hosted
    version: "4.13.2"
  collection:
    dependency: transitive
    description:
      name: collection
      sha256: "2f5709ae4d3d59dd8f7cd309b4e023046b57d8a6c82130785d2b0e5868084e76"
      url: "https://pub.dev"
    source: hosted
    version: "1.19.1"
  logging:
    dependency: transitive
    description:
      name: logging
      sha256: c8245ada5f1717ed44271ed1c26b8ce85ca3228fd2ffdb75468ab01979309d61
      url: "https://pub.dev"
    source: hosted
    version: "1.3.0"
sdks:
  dart: ">=3.4.0 <4.0.0"
