# Generated by pub
# See https://dart.dev/tools/pub/glossary#lockfile
packages:
  antlr4:
    dependency: "direct main"
    description:
      name: antlr4
      sha256: b633030156dc482562bfbf7dd1552abab91dab41bc68b199ac9153afa0fcd666
      url: "https://pub.dev"
    source: hosted
    version: "4.9.3"
  collection:
    dependency: transitive
    description:
      name: collection
      sha256: "4a07be6cb69c84d677a6c3096fcf960cc3285a8330b4603e0d463d15d9bd934c"
      url: "https://pub.dev"
    source: hosted
    version: "1.17.1"
  extra_pedantic:
    dependency: "direct dev"
    description:
      name: extra_pedantic
      sha256: eb9cc0842dc1c980f00fd226364456d2169d54f7118b8ae16443188063edce0b
      url: "https://pub.dev"
    source: hosted
    version: "1.5.0"
  logging:
    dependency: transitive
    description:
      name: logging
      sha256: "04094f2eb032cbb06c6f6e8d3607edcfcb0455e2bb6cbc010cb01171dcb64e6d"
      url: "https://pub.dev"
    source: hosted
    version: "1.1.1"
sdks:
  dart: ">=2.18.0 <4.0.0"
